
Microsoft Visual Studio Solution File, Format Version 12.00
# Visual Studio Version 16
VisualStudioVersion = 16.0.31613.86
MinimumVisualStudioVersion = 10.0.40219.1
Project("{FAE04EC0-301F-11D3-BF4B-00C04F79EFBC}") = "SeleniumCsharpNetCore", "SeleniumCsharpNetCore\SeleniumCsharpNetCore.csproj", "{AADB0400-5F30-40CD-B93C-57B88CA07687}"
EndProject
Global
	GlobalSection(SolutionConfigurationPlatforms) = preSolution
		Debug|Any CPU = Debug|Any CPU
		Release|Any CPU = Release|Any CPU
	EndGlobalSection
	GlobalSection(ProjectConfigurationPlatforms) = postSolution
		{AADB0400-5F30-40CD-B93C-57B88CA07687}.Debug|Any CPU.ActiveCfg = Debug|Any CPU
		{AADB0400-5F30-40CD-B93C-57B88CA07687}.Debug|Any CPU.Build.0 = Debug|Any CPU
		{AADB0400-5F30-40CD-B93C-57B88CA07687}.Release|Any CPU.ActiveCfg = Release|Any CPU
		{AADB0400-5F30-40CD-B93C-57B88CA07687}.Release|Any CPU.Build.0 = Release|Any CPU
	EndGlobalSection
	GlobalSection(SolutionProperties) = preSolution
		HideSolutionNode = FALSE
	EndGlobalSection
	GlobalSection(ExtensibilityGlobals) = postSolution
		SolutionGuid = {615711A8-B936-497C-BDC8-0FB3327CFB25}
	EndGlobalSection
EndGlobal
